
Microsoft Visual Studio Solution File, Format Version 12.00
# Visual Studio Version 16
VisualStudioVersion = 16.0.29806.167
MinimumVisualStudioVersion = 10.0.40219.1
Project("{FAE04EC0-301F-11D3-BF4B-00C04F79EFBC}") = "Ilia", "Ilia\Ilia.csproj", "{145C9E1E-9E1A-40AB-84E9-AD7205B8DC62}"
EndProject
Global
	GlobalSection(SolutionConfigurationPlatforms) = preSolution
		Debug|Any CPU = Debug|Any CPU
		Release|Any CPU = Release|Any CPU
	EndGlobalSection
	GlobalSection(ProjectConfigurationPlatforms) = postSolution
		{145C9E1E-9E1A-40AB-84E9-AD7205B8DC62}.Debug|Any CPU.ActiveCfg = Debug|Any CPU
		{145C9E1E-9E1A-40AB-84E9-AD7205B8DC62}.Debug|Any CPU.Build.0 = Debug|Any CPU
		{145C9E1E-9E1A-40AB-84E9-AD7205B8DC62}.Release|Any CPU.ActiveCfg = Release|Any CPU
		{145C9E1E-9E1A-40AB-84E9-AD7205B8DC62}.Release|Any CPU.Build.0 = Release|Any CPU
	EndGlobalSection
	GlobalSection(SolutionProperties) = preSolution
		HideSolutionNode = FALSE
	EndGlobalSection
	GlobalSection(ExtensibilityGlobals) = postSolution
		SolutionGuid = {83284D8E-E21B-469E-9D4E-63B8ADD7294A}
	EndGlobalSection
EndGlobal
